{
  "name": "cloud_101",
  "version": "1.0.0",
  "lockfileVersion": 1,
  "requires": true,
  "dependencies": {
    "@aws-cdk/aws-cloudwatch": {
      "version": "1.1.0",
      "resolved": "https://registry.npmjs.org/@aws-cdk/aws-cloudwatch/-/aws-cloudwatch-1.1.0.tgz",
      "integrity": "sha512-3Joz7ZaaXZPJpwOTmo/EmrQCkqeR65N7k1PeiW7yO4tycX8PIUcJaFZYhm+c21I/htMXjTwxs5lX1wXGcZgSLA==",
      "requires": {
        "@aws-cdk/aws-iam": "^1.1.0",
        "@aws-cdk/core": "^1.1.0"
      }
    },
    "@aws-cdk/aws-ec2": {
      "version": "1.1.0",
      "resolved": "https://registry.npmjs.org/@aws-cdk/aws-ec2/-/aws-ec2-1.1.0.tgz",
      "integrity": "sha512-PucxRr3ulpaXIY2YA6Qp4EaPFUsUwco7dS4pIQatUR9dyiJ+vk2/gVDUzDAi1VFjRWtyxlCIj30jRWOM6PcIJg==",
      "requires": {
        "@aws-cdk/aws-cloudwatch": "^1.1.0",
        "@aws-cdk/aws-iam": "^1.1.0",
        "@aws-cdk/aws-ssm": "^1.1.0",
        "@aws-cdk/core": "^1.1.0",
        "@aws-cdk/cx-api": "^1.1.0"
      }
    },
    "@aws-cdk/aws-iam": {
      "version": "1.1.0",
      "resolved": "https://registry.npmjs.org/@aws-cdk/aws-iam/-/aws-iam-1.1.0.tgz",
      "integrity": "sha512-5C0DiFJYvjZzNjP0TQndgL1n5ISronLSKBwFayNcS4VG/M4Sl2H0evYO3weEcQvap4yuosntPKR5eIQ0qYvMWA==",
      "requires": {
        "@aws-cdk/core": "^1.1.0",
        "@aws-cdk/region-info": "^1.1.0"
      }
    },
    "@aws-cdk/aws-ssm": {
      "version": "1.1.0",
      "resolved": "https://registry.npmjs.org/@aws-cdk/aws-ssm/-/aws-ssm-1.1.0.tgz",
      "integrity": "sha512-8TiLNWmwtK/1Tp2hs1LJzEUNHJ/I0RrZA2nfwjfut6qOTOcQANokHRm8ecKKrGfWZ6D240SQXlcXLr9YszT8cg==",
      "requires": {
        "@aws-cdk/aws-iam": "^1.1.0",
        "@aws-cdk/core": "^1.1.0",
        "@aws-cdk/cx-api": "^1.1.0"
      }
    },
    "@aws-cdk/core": {
      "version": "1.1.0",
      "resolved": "https://registry.npmjs.org/@aws-cdk/core/-/core-1.1.0.tgz",
      "integrity": "sha512-ZOLhK3VaroZtL3SOnRny2xVbQGWSjbCZtevp3jxDlZqOF/isK0kTaChYTqFSDq/+/FNkp5wslqfOhkjWUwgHvQ==",
      "requires": {
        "@aws-cdk/cx-api": "^1.1.0"
      }
    },
    "@aws-cdk/cx-api": {
      "version": "1.1.0",
      "resolved": "https://registry.npmjs.org/@aws-cdk/cx-api/-/cx-api-1.1.0.tgz",
      "integrity": "sha512-7WgWW58w/4ZhDhX8h7R7/ZLv+Z1753Ifu+SQlHQRQIT6cadMh7FqdmL/U/TgBS4Il8+iD7aTEOGYOq5GsrI1og==",
      "requires": {
        "semver": "^6.1.1"
      },
      "dependencies": {
        "semver": {
          "version": "6.2.0",
          "bundled": true
        }
      }
    },
    "@aws-cdk/region-info": {
      "version": "1.1.0",
      "resolved": "https://registry.npmjs.org/@aws-cdk/region-info/-/region-info-1.1.0.tgz",
      "integrity": "sha512-1Yxhu2YK4+gKuMB/3AoahC21RJEb/Z93XeB4tncpYM7mbOk9XFAmpTjuYxzxT2yXCZp0n4S1giaOVC6K5Qpk4g=="
    },
    "@types/node": {
      "version": "8.10.51",
      "resolved": "https://registry.npmjs.org/@types/node/-/node-8.10.51.tgz",
      "integrity": "sha512-cArrlJp3Yv6IyFT/DYe+rlO8o3SIHraALbBW/+CcCYW/a9QucpLI+n2p4sRxAvl2O35TiecpX2heSZtJjvEO+Q==",
      "dev": true
    },
    "typescript": {
      "version": "3.5.3",
      "resolved": "https://registry.npmjs.org/typescript/-/typescript-3.5.3.tgz",
      "integrity": "sha512-ACzBtm/PhXBDId6a6sDJfroT2pOWt/oOnk4/dElG5G33ZL776N3Y6/6bKZJBFpd+b05F3Ct9qDjMeJmRWtE2/g==",
      "dev": true
    }
  }
}
